
Microsoft Visual Studio Solution File, Format Version 12.00
# Visual Studio Version 16
VisualStudioVersion = 16.0.31205.134
MinimumVisualStudioVersion = 10.0.40219.1
Project("{FAE04EC0-301F-11D3-BF4B-00C04F79EFBC}") = "MvcProject", "MvcProject\MvcProject.csproj", "{9B7B7ACE-FD2A-4124-91DE-99EC3BFDF579}"
EndProject
Project("{FAE04EC0-301F-11D3-BF4B-00C04F79EFBC}") = "BusinessLayer", "BusinessLayer\BusinessLayer.csproj", "{D69706DE-1B48-45A5-97DA-DAD853A08B65}"
EndProject
Project("{FAE04EC0-301F-11D3-BF4B-00C04F79EFBC}") = "EntityLayer", "EntityLayer\EntityLayer.csproj", "{4F606EDF-65D1-493D-B3B7-657E58013046}"
EndProject
Project("{FAE04EC0-301F-11D3-BF4B-00C04F79EFBC}") = "DataAccessLayer", "DataAccessLayer\DataAccessLayer.csproj", "{E740F33C-54C5-4E73-9115-9E39A83827E7}"
EndProject
Global
	GlobalSection(SolutionConfigurationPlatforms) = preSolution
		Debug|Any CPU = Debug|Any CPU
		Release|Any CPU = Release|Any CPU
	EndGlobalSection
	GlobalSection(ProjectConfigurationPlatforms) = postSolution
		{9B7B7ACE-FD2A-4124-91DE-99EC3BFDF579}.Debug|Any CPU.ActiveCfg = Debug|Any CPU
		{9B7B7ACE-FD2A-4124-91DE-99EC3BFDF579}.Debug|Any CPU.Build.0 = Debug|Any CPU
		{9B7B7ACE-FD2A-4124-91DE-99EC3BFDF579}.Release|Any CPU.ActiveCfg = Release|Any CPU
		{9B7B7ACE-FD2A-4124-91DE-99EC3BFDF579}.Release|Any CPU.Build.0 = Release|Any CPU
		{D69706DE-1B48-45A5-97DA-DAD853A08B65}.Debug|Any CPU.ActiveCfg = Debug|Any CPU
		{D69706DE-1B48-45A5-97DA-DAD853A08B65}.Debug|Any CPU.Build.0 = Debug|Any CPU
		{D69706DE-1B48-45A5-97DA-DAD853A08B65}.Release|Any CPU.ActiveCfg = Release|Any CPU
		{D69706DE-1B48-45A5-97DA-DAD853A08B65}.Release|Any CPU.Build.0 = Release|Any CPU
		{4F606EDF-65D1-493D-B3B7-657E58013046}.Debug|Any CPU.ActiveCfg = Debug|Any CPU
		{4F606EDF-65D1-493D-B3B7-657E58013046}.Debug|Any CPU.Build.0 = Debug|Any CPU
		{4F606EDF-65D1-493D-B3B7-657E58013046}.Release|Any CPU.ActiveCfg = Release|Any CPU
		{4F606EDF-65D1-493D-B3B7-657E58013046}.Release|Any CPU.Build.0 = Release|Any CPU
		{E740F33C-54C5-4E73-9115-9E39A83827E7}.Debug|Any CPU.ActiveCfg = Debug|Any CPU
		{E740F33C-54C5-4E73-9115-9E39A83827E7}.Debug|Any CPU.Build.0 = Debug|Any CPU
		{E740F33C-54C5-4E73-9115-9E39A83827E7}.Release|Any CPU.ActiveCfg = Release|Any CPU
		{E740F33C-54C5-4E73-9115-9E39A83827E7}.Release|Any CPU.Build.0 = Release|Any CPU
	EndGlobalSection
	GlobalSection(SolutionProperties) = preSolution
		HideSolutionNode = FALSE
	EndGlobalSection
	GlobalSection(ExtensibilityGlobals) = postSolution
		SolutionGuid = {7613F71F-D481-417C-AF0E-8DD9A6DE943A}
	EndGlobalSection
EndGlobal
